// !$*UTF8*$!
{
	archiveVersion = 1;
	classes = {
	};
	objectVersion = 46;
	objects = {

/* Begin PBXBuildFile section */
		26FC8E0B474F519DF9791D37 /* libPods-Twitter.a in Frameworks */ = {isa = PBXBuildFile; fileRef = EA8AEA920AB7B8294BBE1631 /* libPods-Twitter.a */; };
		39358A311BC4C7C200D7C78B /* ProfileViewController.swift in Sources */ = {isa = PBXBuildFile; fileRef = 39358A301BC4C7C200D7C78B /* ProfileViewController.swift */; settings = {ASSET_TAGS = (); }; };
		39358A6D1BC9CCF300D7C78B /* MainScrollViewController.swift in Sources */ = {isa = PBXBuildFile; fileRef = 39358A6C1BC9CCF300D7C78B /* MainScrollViewController.swift */; settings = {ASSET_TAGS = (); }; };
		393C022B1BBBA216002D7E88 /* AppDelegate.swift in Sources */ = {isa = PBXBuildFile; fileRef = 393C022A1BBBA216002D7E88 /* AppDelegate.swift */; };
		393C022D1BBBA216002D7E88 /* ViewController.swift in Sources */ = {isa = PBXBuildFile; fileRef = 393C022C1BBBA216002D7E88 /* ViewController.swift */; };
		393C02301BBBA216002D7E88 /* Main.storyboard in Resources */ = {isa = PBXBuildFile; fileRef = 393C022E1BBBA216002D7E88 /* Main.storyboard */; };
		393C02321BBBA216002D7E88 /* Assets.xcassets in Resources */ = {isa = PBXBuildFile; fileRef = 393C02311BBBA216002D7E88 /* Assets.xcassets */; };
		393C02351BBBA216002D7E88 /* LaunchScreen.storyboard in Resources */ = {isa = PBXBuildFile; fileRef = 393C02331BBBA216002D7E88 /* LaunchScreen.storyboard */; };
		393C02401BBBA216002D7E88 /* TwitterTests.swift in Sources */ = {isa = PBXBuildFile; fileRef = 393C023F1BBBA216002D7E88 /* TwitterTests.swift */; };
		393C024B1BBBA216002D7E88 /* TwitterUITests.swift in Sources */ = {isa = PBXBuildFile; fileRef = 393C024A1BBBA216002D7E88 /* TwitterUITests.swift */; };
		393C025D1BBBA308002D7E88 /* TwitterClient.swift in Sources */ = {isa = PBXBuildFile; fileRef = 393C025C1BBBA308002D7E88 /* TwitterClient.swift */; settings = {ASSET_TAGS = (); }; };
		398084861BC0B259001F6508 /* User.swift in Sources */ = {isa = PBXBuildFile; fileRef = 398084851BC0B259001F6508 /* User.swift */; settings = {ASSET_TAGS = (); }; };
		398084881BC0B262001F6508 /* Tweet.swift in Sources */ = {isa = PBXBuildFile; fileRef = 398084871BC0B262001F6508 /* Tweet.swift */; settings = {ASSET_TAGS = (); }; };
		3980848A1BC0F637001F6508 /* TweetsViewController.swift in Sources */ = {isa = PBXBuildFile; fileRef = 398084891BC0F637001F6508 /* TweetsViewController.swift */; settings = {ASSET_TAGS = (); }; };
		3980848D1BC1059A001F6508 /* TweetCell.swift in Sources */ = {isa = PBXBuildFile; fileRef = 3980848C1BC1059A001F6508 /* TweetCell.swift */; settings = {ASSET_TAGS = (); }; };
		39C9A44D1BC18D4B00F3C10E /* TweetDetailsViewController.swift in Sources */ = {isa = PBXBuildFile; fileRef = 39C9A44C1BC18D4B00F3C10E /* TweetDetailsViewController.swift */; settings = {ASSET_TAGS = (); }; };
		39C9A44F1BC1939F00F3C10E /* CreateTweetViewController.swift in Sources */ = {isa = PBXBuildFile; fileRef = 39C9A44E1BC1939F00F3C10E /* CreateTweetViewController.swift */; settings = {ASSET_TAGS = (); }; };
		39C9A4521BC2516500F3C10E /* README.md in Sources */ = {isa = PBXBuildFile; fileRef = 39C9A4511BC2516500F3C10E /* README.md */; settings = {ASSET_TAGS = (); }; };
/* End PBXBuildFile section */

/* Begin PBXContainerItemProxy section */
		393C023C1BBBA216002D7E88 /* PBXContainerItemProxy */ = {
			isa = PBXContainerItemProxy;
			containerPortal = 393C021F1BBBA216002D7E88 /* Project object */;
			proxyType = 1;
			remoteGlobalIDString = 393C02261BBBA216002D7E88;
			remoteInfo = Twitter;
		};
		393C02471BBBA216002D7E88 /* PBXContainerItemProxy */ = {
			isa = PBXContainerItemProxy;
			containerPortal = 393C021F1BBBA216002D7E88 /* Project object */;
			proxyType = 1;
			remoteGlobalIDString = 393C02261BBBA216002D7E88;
			remoteInfo = Twitter;
		};
/* End PBXContainerItemProxy section */

/* Begin PBXFileReference section */
		39358A301BC4C7C200D7C78B /* ProfileViewController.swift */ = {isa = PBXFileReference; fileEncoding = 4; lastKnownFileType = sourcecode.swift; path = ProfileViewController.swift; sourceTree = "<group>"; };
		39358A6C1BC9CCF300D7C78B /* MainScrollViewController.swift */ = {isa = PBXFileReference; fileEncoding = 4; lastKnownFileType = sourcecode.swift; path = MainScrollViewController.swift; sourceTree = "<group>"; };
		393C02271BBBA216002D7E88 /* Twitter.app */ = {isa = PBXFileReference; explicitFileType = wrapper.application; includeInIndex = 0; path = Twitter.app; sourceTree = BUILT_PRODUCTS_DIR; };
		393C022A1BBBA216002D7E88 /* AppDelegate.swift */ = {isa = PBXFileReference; lastKnownFileType = sourcecode.swift; path = AppDelegate.swift; sourceTree = "<group>"; };
		393C022C1BBBA216002D7E88 /* ViewController.swift */ = {isa = PBXFileReference; lastKnownFileType = sourcecode.swift; path = ViewController.swift; sourceTree = "<group>"; };
		393C022F1BBBA216002D7E88 /* Base */ = {isa = PBXFileReference; lastKnownFileType = file.storyboard; name = Base; path = Base.lproj/Main.storyboard; sourceTree = "<group>"; };
		393C02311BBBA216002D7E88 /* Assets.xcassets */ = {isa = PBXFileReference; lastKnownFileType = folder.assetcatalog; path = Assets.xcassets; sourceTree = "<group>"; };
		393C02341BBBA216002D7E88 /* Base */ = {isa = PBXFileReference; lastKnownFileType = file.storyboard; name = Base; path = Base.lproj/LaunchScreen.storyboard; sourceTree = "<group>"; };
		393C02361BBBA216002D7E88 /* Info.plist */ = {isa = PBXFileReference; lastKnownFileType = text.plist.xml; path = Info.plist; sourceTree = "<group>"; };
		393C023B1BBBA216002D7E88 /* TwitterTests.xctest */ = {isa = PBXFileReference; explicitFileType = wrapper.cfbundle; includeInIndex = 0; path = TwitterTests.xctest; sourceTree = BUILT_PRODUCTS_DIR; };
		393C023F1BBBA216002D7E88 /* TwitterTests.swift */ = {isa = PBXFileReference; lastKnownFileType = sourcecode.swift; path = TwitterTests.swift; sourceTree = "<group>"; };
		393C02411BBBA216002D7E88 /* Info.plist */ = {isa = PBXFileReference; lastKnownFileType = text.plist.xml; path = Info.plist; sourceTree = "<group>"; };
		393C02461BBBA216002D7E88 /* TwitterUITests.xctest */ = {isa = PBXFileReference; explicitFileType = wrapper.cfbundle; includeInIndex = 0; path = TwitterUITests.xctest; sourceTree = BUILT_PRODUCTS_DIR; };
		393C024A1BBBA216002D7E88 /* TwitterUITests.swift */ = {isa = PBXFileReference; lastKnownFileType = sourcecode.swift; path = TwitterUITests.swift; sourceTree = "<group>"; };
		393C024C1BBBA216002D7E88 /* Info.plist */ = {isa = PBXFileReference; lastKnownFileType = text.plist.xml; path = Info.plist; sourceTree = "<group>"; };
		393C02581BBBA2CE002D7E88 /* Twitter-Bridging-Header.h */ = {isa = PBXFileReference; lastKnownFileType = sourcecode.c.h; path = "Twitter-Bridging-Header.h"; sourceTree = "<group>"; };
		393C025C1BBBA308002D7E88 /* TwitterClient.swift */ = {isa = PBXFileReference; fileEncoding = 4; lastKnownFileType = sourcecode.swift; path = TwitterClient.swift; sourceTree = "<group>"; };
		398084851BC0B259001F6508 /* User.swift */ = {isa = PBXFileReference; fileEncoding = 4; lastKnownFileType = sourcecode.swift; path = User.swift; sourceTree = "<group>"; };
		398084871BC0B262001F6508 /* Tweet.swift */ = {isa = PBXFileReference; fileEncoding = 4; lastKnownFileType = sourcecode.swift; path = Tweet.swift; sourceTree = "<group>"; };
		398084891BC0F637001F6508 /* TweetsViewController.swift */ = {isa = PBXFileReference; fileEncoding = 4; lastKnownFileType = sourcecode.swift; path = TweetsViewController.swift; sourceTree = "<group>"; };
		3980848C1BC1059A001F6508 /* TweetCell.swift */ = {isa = PBXFileReference; fileEncoding = 4; lastKnownFileType = sourcecode.swift; path = TweetCell.swift; sourceTree = "<group>"; };
		39C9A44C1BC18D4B00F3C10E /* TweetDetailsViewController.swift */ = {isa = PBXFileReference; fileEncoding = 4; lastKnownFileType = sourcecode.swift; path = TweetDetailsViewController.swift; sourceTree = "<group>"; };
		39C9A44E1BC1939F00F3C10E /* CreateTweetViewController.swift */ = {isa = PBXFileReference; fileEncoding = 4; lastKnownFileType = sourcecode.swift; path = CreateTweetViewController.swift; sourceTree = "<group>"; };
		39C9A4511BC2516500F3C10E /* README.md */ = {isa = PBXFileReference; fileEncoding = 4; lastKnownFileType = net.daringfireball.markdown; path = README.md; sourceTree = "<group>"; };
		472552B09178174880FD4FE9 /* Pods-Twitter.release.xcconfig */ = {isa = PBXFileReference; includeInIndex = 1; lastKnownFileType = text.xcconfig; name = "Pods-Twitter.release.xcconfig"; path = "Pods/Target Support Files/Pods-Twitter/Pods-Twitter.release.xcconfig"; sourceTree = "<group>"; };
		C832DC7DD3B7DD8136DE07D2 /* Pods-Twitter.debug.xcconfig */ = {isa = PBXFileReference; includeInIndex = 1; lastKnownFileType = text.xcconfig; name = "Pods-Twitter.debug.xcconfig"; path = "Pods/Target Support Files/Pods-Twitter/Pods-Twitter.debug.xcconfig"; sourceTree = "<group>"; };
		EA8AEA920AB7B8294BBE1631 /* libPods-Twitter.a */ = {isa = PBXFileReference; explicitFileType = archive.ar; includeInIndex = 0; path = "libPods-Twitter.a"; sourceTree = BUILT_PRODUCTS_DIR; };
/* End PBXFileReference section */

/* Begin PBXFrameworksBuildPhase section */
		393C02241BBBA216002D7E88 /* Frameworks */ = {
			isa = PBXFrameworksBuildPhase;
			buildActionMask = 2147483647;
			files = (
				26FC8E0B474F519DF9791D37 /* libPods-Twitter.a in Frameworks */,
			);
			runOnlyForDeploymentPostprocessing = 0;
		};
		393C02381BBBA216002D7E88 /* Frameworks */ = {
			isa = PBXFrameworksBuildPhase;
			buildActionMask = 2147483647;
			files = (
			);
			runOnlyForDeploymentPostprocessing = 0;
		};
		393C02431BBBA216002D7E88 /* Frameworks */ = {
			isa = PBXFrameworksBuildPhase;
			buildActionMask = 2147483647;
			files = (
			);
			runOnlyForDeploymentPostprocessing = 0;
		};
/* End PBXFrameworksBuildPhase section */

/* Begin PBXGroup section */
		393C021E1BBBA216002D7E88 = {
			isa = PBXGroup;
			children = (
				393C02291BBBA216002D7E88 /* Twitter */,
				393C023E1BBBA216002D7E88 /* TwitterTests */,
				393C02491BBBA216002D7E88 /* TwitterUITests */,
				393C02281BBBA216002D7E88 /* Products */,
				AEF04F296FBD7C6D7E86A984 /* Pods */,
				A6F27C9D9DA20BF30B4E2A3D /* Frameworks */,
			);
			sourceTree = "<group>";
		};
		393C02281BBBA216002D7E88 /* Products */ = {
			isa = PBXGroup;
			children = (
				393C02271BBBA216002D7E88 /* Twitter.app */,
				393C023B1BBBA216002D7E88 /* TwitterTests.xctest */,
				393C02461BBBA216002D7E88 /* TwitterUITests.xctest */,
			);
			name = Products;
			sourceTree = "<group>";
		};
		393C02291BBBA216002D7E88 /* Twitter */ = {
			isa = PBXGroup;
			children = (
				39C9A4501BC1E78400F3C10E /* ViewControllers */,
				3980848B1BC10588001F6508 /* Views */,
				398084841BC0B242001F6508 /* Models */,
				393C025B1BBBA2ED002D7E88 /* API */,
				393C022A1BBBA216002D7E88 /* AppDelegate.swift */,
				393C022E1BBBA216002D7E88 /* Main.storyboard */,
				393C02311BBBA216002D7E88 /* Assets.xcassets */,
				393C02331BBBA216002D7E88 /* LaunchScreen.storyboard */,
				393C02361BBBA216002D7E88 /* Info.plist */,
				393C02581BBBA2CE002D7E88 /* Twitter-Bridging-Header.h */,
				39C9A4511BC2516500F3C10E /* README.md */,
			);
			path = Twitter;
			sourceTree = "<group>";
		};
		393C023E1BBBA216002D7E88 /* TwitterTests */ = {
			isa = PBXGroup;
			children = (
				393C023F1BBBA216002D7E88 /* TwitterTests.swift */,
				393C02411BBBA216002D7E88 /* Info.plist */,
			);
			path = TwitterTests;
			sourceTree = "<group>";
		};
		393C02491BBBA216002D7E88 /* TwitterUITests */ = {
			isa = PBXGroup;
			children = (
				393C024A1BBBA216002D7E88 /* TwitterUITests.swift */,
				393C024C1BBBA216002D7E88 /* Info.plist */,
			);
			path = TwitterUITests;
			sourceTree = "<group>";
		};
		393C025B1BBBA2ED002D7E88 /* API */ = {
			isa = PBXGroup;
			children = (
				393C025C1BBBA308002D7E88 /* TwitterClient.swift */,
			);
			name = API;
			sourceTree = "<group>";
		};
		398084841BC0B242001F6508 /* Models */ = {
			isa = PBXGroup;
			children = (
				398084851BC0B259001F6508 /* User.swift */,
				398084871BC0B262001F6508 /* Tweet.swift */,
			);
			name = Models;
			sourceTree = "<group>";
		};
		3980848B1BC10588001F6508 /* Views */ = {
			isa = PBXGroup;
			children = (
				3980848C1BC1059A001F6508 /* TweetCell.swift */,
			);
			name = Views;
			sourceTree = "<group>";
		};
		39C9A4501BC1E78400F3C10E /* ViewControllers */ = {
			isa = PBXGroup;
			children = (
				393C022C1BBBA216002D7E88 /* ViewController.swift */,
				398084891BC0F637001F6508 /* TweetsViewController.swift */,
				39C9A44C1BC18D4B00F3C10E /* TweetDetailsViewController.swift */,
				39C9A44E1BC1939F00F3C10E /* CreateTweetViewController.swift */,
				39358A301BC4C7C200D7C78B /* ProfileViewController.swift */,
				39358A6C1BC9CCF300D7C78B /* MainScrollViewController.swift */,
			);
			name = ViewControllers;
			sourceTree = "<group>";
		};
		A6F27C9D9DA20BF30B4E2A3D /* Frameworks */ = {
			isa = PBXGroup;
			children = (
				EA8AEA920AB7B8294BBE1631 /* libPods-Twitter.a */,
			);
			name = Frameworks;
			sourceTree = "<group>";
		};
		AEF04F296FBD7C6D7E86A984 /* Pods */ = {
			isa = PBXGroup;
			children = (
				C832DC7DD3B7DD8136DE07D2 /* Pods-Twitter.debug.xcconfig */,
				472552B09178174880FD4FE9 /* Pods-Twitter.release.xcconfig */,
			);
			name = Pods;
			sourceTree = "<group>";
		};
/* End PBXGroup section */

/* Begin PBXNativeTarget section */
		393C02261BBBA216002D7E88 /* Twitter */ = {
			isa = PBXNativeTarget;
			buildConfigurationList = 393C024F1BBBA216002D7E88 /* Build configuration list for PBXNativeTarget "Twitter" */;
			buildPhases = (
				E754BF53347A54CEAF272597 /* Check Pods Manifest.lock */,
				393C02231BBBA216002D7E88 /* Sources */,
				393C02241BBBA216002D7E88 /* Frameworks */,
				393C02251BBBA216002D7E88 /* Resources */,
				F4AFFCDA231ABB99587EB38D /* Copy Pods Resources */,
			);
			buildRules = (
			);
			dependencies = (
			);
			name = Twitter;
			productName = Twitter;
			productReference = 393C02271BBBA216002D7E88 /* Twitter.app */;
			productType = "com.apple.product-type.application";
		};
		393C023A1BBBA216002D7E88 /* TwitterTests */ = {
			isa = PBXNativeTarget;
			buildConfigurationList = 393C02521BBBA216002D7E88 /* Build configuration list for PBXNativeTarget "TwitterTests" */;
			buildPhases = (
				393C02371BBBA216002D7E88 /* Sources */,
				393C02381BBBA216002D7E88 /* Frameworks */,
				393C02391BBBA216002D7E88 /* Resources */,
			);
			buildRules = (
			);
			dependencies = (
				393C023D1BBBA216002D7E88 /* PBXTargetDependency */,
			);
			name = TwitterTests;
			productName = TwitterTests;
			productReference = 393C023B1BBBA216002D7E88 /* TwitterTests.xctest */;
			productType = "com.apple.product-type.bundle.unit-test";
		};
		393C02451BBBA216002D7E88 /* TwitterUITests */ = {
			isa = PBXNativeTarget;
			buildConfigurationList = 393C02551BBBA216002D7E88 /* Build configuration list for PBXNativeTarget "TwitterUITests" */;
			buildPhases = (
				393C02421BBBA216002D7E88 /* Sources */,
				393C02431BBBA216002D7E88 /* Frameworks */,
				393C02441BBBA216002D7E88 /* Resources */,
			);
			buildRules = (
			);
			dependencies = (
				393C02481BBBA216002D7E88 /* PBXTargetDependency */,
			);
			name = TwitterUITests;
			productName = TwitterUITests;
			productReference = 393C02461BBBA216002D7E88 /* TwitterUITests.xctest */;
			productType = "com.apple.product-type.bundle.ui-testing";
		};
/* End PBXNativeTarget section */

/* Begin PBXProject section */
		393C021F1BBBA216002D7E88 /* Project object */ = {
			isa = PBXProject;
			attributes = {
				LastSwiftUpdateCheck = 0700;
				LastUpgradeCheck = 0700;
				ORGANIZATIONNAME = "Experiences Evolved";
				TargetAttributes = {
					393C02261BBBA216002D7E88 = {
						CreatedOnToolsVersion = 7.0;
					};
					393C023A1BBBA216002D7E88 = {
						CreatedOnToolsVersion = 7.0;
						TestTargetID = 393C02261BBBA216002D7E88;
					};
					393C02451BBBA216002D7E88 = {
						CreatedOnToolsVersion = 7.0;
						TestTargetID = 393C02261BBBA216002D7E88;
					};
				};
			};
			buildConfigurationList = 393C02221BBBA216002D7E88 /* Build configuration list for PBXProject "Twitter" */;
			compatibilityVersion = "Xcode 3.2";
			developmentRegion = English;
			hasScannedForEncodings = 0;
			knownRegions = (
				en,
				Base,
			);
			mainGroup = 393C021E1BBBA216002D7E88;
			productRefGroup = 393C02281BBBA216002D7E88 /* Products */;
			projectDirPath = "";
			projectRoot = "";
			targets = (
				393C02261BBBA216002D7E88 /* Twitter */,
				393C023A1BBBA216002D7E88 /* TwitterTests */,
				393C02451BBBA216002D7E88 /* TwitterUITests */,
			);
		};
/* End PBXProject section */

/* Begin PBXResourcesBuildPhase section */
		393C02251BBBA216002D7E88 /* Resources */ = {
			isa = PBXResourcesBuildPhase;
			buildActionMask = 2147483647;
			files = (
				393C02351BBBA216002D7E88 /* LaunchScreen.storyboard in Resources */,
				393C02321BBBA216002D7E88 /* Assets.xcassets in Resources */,
				393C02301BBBA216002D7E88 /* Main.storyboard in Resources */,
			);
			runOnlyForDeploymentPostprocessing = 0;
		};
		393C02391BBBA216002D7E88 /* Resources */ = {
			isa = PBXResourcesBuildPhase;
			buildActionMask = 2147483647;
			files = (
			);
			runOnlyForDeploymentPostprocessing = 0;
		};
		393C02441BBBA216002D7E88 /* Resources */ = {
			isa = PBXResourcesBuildPhase;
			buildActionMask = 2147483647;
			files = (
			);
			runOnlyForDeploymentPostprocessing = 0;
		};
/* End PBXResourcesBuildPhase section */

/* Begin PBXShellScriptBuildPhase section */
		E754BF53347A54CEAF272597 /* Check Pods Manifest.lock */ = {
			isa = PBXShellScriptBuildPhase;
			buildActionMask = 2147483647;
			files = (
			);
			inputPaths = (
			);
			name = "Check Pods Manifest.lock";
			outputPaths = (
			);
			runOnlyForDeploymentPostprocessing = 0;
			shellPath = /bin/sh;
			shellScript = "diff \"${PODS_ROOT}/../Podfile.lock\" \"${PODS_ROOT}/Manifest.lock\" > /dev/null\nif [[ $? != 0 ]] ; then\n    cat << EOM\nerror: The sandbox is not in sync with the Podfile.lock. Run 'pod install' or update your CocoaPods installation.\nEOM\n    exit 1\nfi\n";
			showEnvVarsInLog = 0;
		};
		F4AFFCDA231ABB99587EB38D /* Copy Pods Resources */ = {
			isa = PBXShellScriptBuildPhase;
			buildActionMask = 2147483647;
			files = (
			);
			inputPaths = (
			);
			name = "Copy Pods Resources";
			outputPaths = (
			);
			runOnlyForDeploymentPostprocessing = 0;
			shellPath = /bin/sh;
			shellScript = "\"${SRCROOT}/Pods/Target Support Files/Pods-Twitter/Pods-Twitter-resources.sh\"\n";
			showEnvVarsInLog = 0;
		};
/* End PBXShellScriptBuildPhase section */

/* Begin PBXSourcesBuildPhase section */
		393C02231BBBA216002D7E88 /* Sources */ = {
			isa = PBXSourcesBuildPhase;
			buildActionMask = 2147483647;
			files = (
				39358A6D1BC9CCF300D7C78B /* MainScrollViewController.swift in Sources */,
				398084861BC0B259001F6508 /* User.swift in Sources */,
				3980848D1BC1059A001F6508 /* TweetCell.swift in Sources */,
				39C9A4521BC2516500F3C10E /* README.md in Sources */,
				39C9A44D1BC18D4B00F3C10E /* TweetDetailsViewController.swift in Sources */,
				398084881BC0B262001F6508 /* Tweet.swift in Sources */,
				39C9A44F1BC1939F00F3C10E /* CreateTweetViewController.swift in Sources */,
				39358A311BC4C7C200D7C78B /* ProfileViewController.swift in Sources */,
				3980848A1BC0F637001F6508 /* TweetsViewController.swift in Sources */,
				393C022D1BBBA216002D7E88 /* ViewController.swift in Sources */,
				393C025D1BBBA308002D7E88 /* TwitterClient.swift in Sources */,
				393C022B1BBBA216002D7E88 /* AppDelegate.swift in Sources */,
			);
			runOnlyForDeploymentPostprocessing = 0;
		};
		393C02371BBBA216002D7E88 /* Sources */ = {
			isa = PBXSourcesBuildPhase;
			buildActionMask = 2147483647;
			files = (
				393C02401BBBA216002D7E88 /* TwitterTests.swift in Sources */,
			);
			runOnlyForDeploymentPostprocessing = 0;
		};
		393C02421BBBA216002D7E88 /* Sources */ = {
			isa = PBXSourcesBuildPhase;
			buildActionMask = 2147483647;
			files = (
				393C024B1BBBA216002D7E88 /* TwitterUITests.swift in Sources */,
			);
			runOnlyForDeploymentPostprocessing = 0;
		};
/* End PBXSourcesBuildPhase section */

/* Begin PBXTargetDependency section */
		393C023D1BBBA216002D7E88 /* PBXTargetDependency */ = {
			isa = PBXTargetDependency;
			target = 393C02261BBBA216002D7E88 /* Twitter */;
			targetProxy = 393C023C1BBBA216002D7E88 /* PBXContainerItemProxy */;
		};
		393C02481BBBA216002D7E88 /* PBXTargetDependency */ = {
			isa = PBXTargetDependency;
			target = 393C02261BBBA216002D7E88 /* Twitter */;
			targetProxy = 393C02471BBBA216002D7E88 /* PBXContainerItemProxy */;
		};
/* End PBXTargetDependency section */

/* Begin PBXVariantGroup section */
		393C022E1BBBA216002D7E88 /* Main.storyboard */ = {
			isa = PBXVariantGroup;
			children = (
				393C022F1BBBA216002D7E88 /* Base */,
			);
			name = Main.storyboard;
			sourceTree = "<group>";
		};
		393C02331BBBA216002D7E88 /* LaunchScreen.storyboard */ = {
			isa = PBXVariantGroup;
			children = (
				393C02341BBBA216002D7E88 /* Base */,
			);
			name = LaunchScreen.storyboard;
			sourceTree = "<group>";
		};
/* End PBXVariantGroup section */

/* Begin XCBuildConfiguration section */
		393C024D1BBBA216002D7E88 /* Debug */ = {
			isa = XCBuildConfiguration;
			buildSettings = {
				ALWAYS_SEARCH_USER_PATHS = NO;
				CLANG_CXX_LANGUAGE_STANDARD = "gnu++0x";
				CLANG_CXX_LIBRARY = "libc++";
				CLANG_ENABLE_MODULES = YES;
				CLANG_ENABLE_OBJC_ARC = YES;
				CLANG_WARN_BOOL_CONVERSION = YES;
				CLANG_WARN_CONSTANT_CONVERSION = YES;
				CLANG_WARN_DIRECT_OBJC_ISA_USAGE = YES_ERROR;
				CLANG_WARN_EMPTY_BODY = YES;
				CLANG_WARN_ENUM_CONVERSION = YES;
				CLANG_WARN_INT_CONVERSION = YES;
				CLANG_WARN_OBJC_ROOT_CLASS = YES_ERROR;
				CLANG_WARN_UNREACHABLE_CODE = YES;
				CLANG_WARN__DUPLICATE_METHOD_MATCH = YES;
				"CODE_SIGN_IDENTITY[sdk=iphoneos*]" = "iPhone Developer";
				COPY_PHASE_STRIP = NO;
				DEBUG_INFORMATION_FORMAT = dwarf;
				ENABLE_STRICT_OBJC_MSGSEND = YES;
				ENABLE_TESTABILITY = YES;
				GCC_C_LANGUAGE_STANDARD = gnu99;
				GCC_DYNAMIC_NO_PIC = NO;
				GCC_NO_COMMON_BLOCKS = YES;
				GCC_OPTIMIZATION_LEVEL = 0;
				GCC_PREPROCESSOR_DEFINITIONS = (
					"DEBUG=1",
					"$(inherited)",
				);
				GCC_WARN_64_TO_32_BIT_CONVERSION = YES;
				GCC_WARN_ABOUT_RETURN_TYPE = YES_ERROR;
				GCC_WARN_UNDECLARED_SELECTOR = YES;
				GCC_WARN_UNINITIALIZED_AUTOS = YES_AGGRESSIVE;
				GCC_WARN_UNUSED_FUNCTION = YES;
				GCC_WARN_UNUSED_VARIABLE = YES;
				IPHONEOS_DEPLOYMENT_TARGET = 9.0;
				MTL_ENABLE_DEBUG_INFO = YES;
				ONLY_ACTIVE_ARCH = YES;
				SDKROOT = iphoneos;
				SWIFT_OPTIMIZATION_LEVEL = "-Onone";
				TARGETED_DEVICE_FAMILY = "1,2";
			};
			name = Debug;
		};
		393C024E1BBBA216002D7E88 /* Release */ = {
			isa = XCBuildConfiguration;
			buildSettings = {
				ALWAYS_SEARCH_USER_PATHS = NO;
				CLANG_CXX_LANGUAGE_STANDARD = "gnu++0x";
				CLANG_CXX_LIBRARY = "libc++";
				CLANG_ENABLE_MODULES = YES;
				CLANG_ENABLE_OBJC_ARC = YES;
				CLANG_WARN_BOOL_CONVERSION = YES;
				CLANG_WARN_CONSTANT_CONVERSION = YES;
				CLANG_WARN_DIRECT_OBJC_ISA_USAGE = YES_ERROR;
				CLANG_WARN_EMPTY_BODY = YES;
				CLANG_WARN_ENUM_CONVERSION = YES;
				CLANG_WARN_INT_CONVERSION = YES;
				CLANG_WARN_OBJC_ROOT_CLASS = YES_ERROR;
				CLANG_WARN_UNREACHABLE_CODE = YES;
				CLANG_WARN__DUPLICATE_METHOD_MATCH = YES;
				"CODE_SIGN_IDENTITY[sdk=iphoneos*]" = "iPhone Developer";
				COPY_PHASE_STRIP = NO;
				DEBUG_INFORMATION_FORMAT = "dwarf-with-dsym";
				ENABLE_NS_ASSERTIONS = NO;
				ENABLE_STRICT_OBJC_MSGSEND = YES;
				GCC_C_LANGUAGE_STANDARD = gnu99;
				GCC_NO_COMMON_BLOCKS = YES;
				GCC_WARN_64_TO_32_BIT_CONVERSION = YES;
				GCC_WARN_ABOUT_RETURN_TYPE = YES_ERROR;
				GCC_WARN_UNDECLARED_SELECTOR = YES;
				GCC_WARN_UNINITIALIZED_AUTOS = YES_AGGRESSIVE;
				GCC_WARN_UNUSED_FUNCTION = YES;
				GCC_WARN_UNUSED_VARIABLE = YES;
				IPHONEOS_DEPLOYMENT_TARGET = 9.0;
				MTL_ENABLE_DEBUG_INFO = NO;
				SDKROOT = iphoneos;
				TARGETED_DEVICE_FAMILY = "1,2";
				VALIDATE_PRODUCT = YES;
			};
			name = Release;
		};
		393C02501BBBA216002D7E88 /* Debug */ = {
			isa = XCBuildConfiguration;
			baseConfigurationReference = C832DC7DD3B7DD8136DE07D2 /* Pods-Twitter.debug.xcconfig */;
			buildSettings = {
				ASSETCATALOG_COMPILER_APPICON_NAME = AppIcon;
				CLANG_ENABLE_MODULES = YES;
				INFOPLIST_FILE = Twitter/Info.plist;
				LD_RUNPATH_SEARCH_PATHS = "$(inherited) @executable_path/Frameworks";
				PRODUCT_BUNDLE_IDENTIFIER = ExperiencesEvolved.Twitter;
				PRODUCT_NAME = "$(TARGET_NAME)";
				SWIFT_OBJC_BRIDGING_HEADER = "Twitter/Twitter-Bridging-Header.h";
				SWIFT_OPTIMIZATION_LEVEL = "-Onone";
			};
			name = Debug;
		};
		393C02511BBBA216002D7E88 /* Release */ = {
			isa = XCBuildConfiguration;
			baseConfigurationReference = 472552B09178174880FD4FE9 /* Pods-Twitter.release.xcconfig */;
			buildSettings = {
				ASSETCATALOG_COMPILER_APPICON_NAME = AppIcon;
				CLANG_ENABLE_MODULES = YES;
				INFOPLIST_FILE = Twitter/Info.plist;
				LD_RUNPATH_SEARCH_PATHS = "$(inherited) @executable_path/Frameworks";
				PRODUCT_BUNDLE_IDENTIFIER = ExperiencesEvolved.Twitter;
				PRODUCT_NAME = "$(TARGET_NAME)";
				SWIFT_OBJC_BRIDGING_HEADER = "Twitter/Twitter-Bridging-Header.h";
			};
			name = Release;
		};
		393C02531BBBA216002D7E88 /* Debug */ = {
			isa = XCBuildConfiguration;
			buildSettings = {
				BUNDLE_LOADER = "$(TEST_HOST)";
				INFOPLIST_FILE = TwitterTests/Info.plist;
				LD_RUNPATH_SEARCH_PATHS = "$(inherited) @executable_path/Frameworks @loader_path/Frameworks";
				PRODUCT_BUNDLE_IDENTIFIER = ExperiencesEvolved.TwitterTests;
				PRODUCT_NAME = "$(TARGET_NAME)";
				TEST_HOST = "$(BUILT_PRODUCTS_DIR)/Twitter.app/Twitter";
			};
			name = Debug;
		};
		393C02541BBBA216002D7E88 /* Release */ = {
			isa = XCBuildConfiguration;
			buildSettings = {
				BUNDLE_LOADER = "$(TEST_HOST)";
				INFOPLIST_FILE = TwitterTests/Info.plist;
				LD_RUNPATH_SEARCH_PATHS = "$(inherited) @executable_path/Frameworks @loader_path/Frameworks";
				PRODUCT_BUNDLE_IDENTIFIER = ExperiencesEvolved.TwitterTests;
				PRODUCT_NAME = "$(TARGET_NAME)";
				TEST_HOST = "$(BUILT_PRODUCTS_DIR)/Twitter.app/Twitter";
			};
			name = Release;
		};
		393C02561BBBA216002D7E88 /* Debug */ = {
			isa = XCBuildConfiguration;
			buildSettings = {
				INFOPLIST_FILE = TwitterUITests/Info.plist;
				LD_RUNPATH_SEARCH_PATHS = "$(inherited) @executable_path/Frameworks @loader_path/Frameworks";
				PRODUCT_BUNDLE_IDENTIFIER = ExperiencesEvolved.TwitterUITests;
				PRODUCT_NAME = "$(TARGET_NAME)";
				TEST_TARGET_NAME = Twitter;
				USES_XCTRUNNER = YES;
			};
			name = Debug;
		};
		393C02571BBBA216002D7E88 /* Release */ = {
			isa = XCBuildConfiguration;
			buildSettings = {
				INFOPLIST_FILE = TwitterUITests/Info.plist;
				LD_RUNPATH_SEARCH_PATHS = "$(inherited) @executable_path/Frameworks @loader_path/Frameworks";
				PRODUCT_BUNDLE_IDENTIFIER = ExperiencesEvolved.TwitterUITests;
				PRODUCT_NAME = "$(TARGET_NAME)";
				TEST_TARGET_NAME = Twitter;
				USES_XCTRUNNER = YES;
			};
			name = Release;
		};
/* End XCBuildConfiguration section */

/* Begin XCConfigurationList section */
		393C02221BBBA216002D7E88 /* Build configuration list for PBXProject "Twitter" */ = {
			isa = XCConfigurationList;
			buildConfigurations = (
				393C024D1BBBA216002D7E88 /* Debug */,
				393C024E1BBBA216002D7E88 /* Release */,
			);
			defaultConfigurationIsVisible = 0;
			defaultConfigurationName = Release;
		};
		393C024F1BBBA216002D7E88 /* Build configuration list for PBXNativeTarget "Twitter" */ = {
			isa = XCConfigurationList;
			buildConfigurations = (
				393C02501BBBA216002D7E88 /* Debug */,
				393C02511BBBA216002D7E88 /* Release */,
			);
			defaultConfigurationIsVisible = 0;
			defaultConfigurationName = Release;
		};
		393C02521BBBA216002D7E88 /* Build configuration list for PBXNativeTarget "TwitterTests" */ = {
			isa = XCConfigurationList;
			buildConfigurations = (
				393C02531BBBA216002D7E88 /* Debug */,
				393C02541BBBA216002D7E88 /* Release */,
			);
			defaultConfigurationIsVisible = 0;
			defaultConfigurationName = Release;
		};
		393C02551BBBA216002D7E88 /* Build configuration list for PBXNativeTarget "TwitterUITests" */ = {
			isa = XCConfigurationList;
			buildConfigurations = (
				393C02561BBBA216002D7E88 /* Debug */,
				393C02571BBBA216002D7E88 /* Release */,
			);
			defaultConfigurationIsVisible = 0;
			defaultConfigurationName = Release;
		};
/* End XCConfigurationList section */
	};
	rootObject = 393C021F1BBBA216002D7E88 /* Project object */;
}
